// !$*UTF8*$!
{
	archiveVersion = 1;
	classes = {
	};
	objectVersion = 45;
	objects = {

/* Begin PBXBuildFile section */
		719A89C7102D6CE70001F6CE /* LJEntry.h in Headers */ = {isa = PBXBuildFile; fileRef = 719A89BE102D6CE70001F6CE /* LJEntry.h */; settings = {ATTRIBUTES = (Public, ); }; };
		719A89C8102D6CE70001F6CE /* LJEntry.m in Sources */ = {isa = PBXBuildFile; fileRef = 719A89BF102D6CE70001F6CE /* LJEntry.m */; };
		719A89C9102D6CE70001F6CE /* LJErrors.h in Headers */ = {isa = PBXBuildFile; fileRef = 719A89C0102D6CE70001F6CE /* LJErrors.h */; settings = {ATTRIBUTES = (Public, ); }; };
		719A89CC102D6CE70001F6CE /* LJMoods.h in Headers */ = {isa = PBXBuildFile; fileRef = 719A89C3102D6CE70001F6CE /* LJMoods.h */; settings = {ATTRIBUTES = (); }; };
		719A89CD102D6CE70001F6CE /* LJMoods.m in Sources */ = {isa = PBXBuildFile; fileRef = 719A89C4102D6CE70001F6CE /* LJMoods.m */; };
		719A89CE102D6CE70001F6CE /* LJxmlrpc.h in Headers */ = {isa = PBXBuildFile; fileRef = 719A89C5102D6CE70001F6CE /* LJxmlrpc.h */; };
		719A89CF102D6CE70001F6CE /* LJxmlrpc.m in Sources */ = {isa = PBXBuildFile; fileRef = 719A89C6102D6CE70001F6CE /* LJxmlrpc.m */; };
		719F7F23102EA02100D06772 /* Security.framework in Frameworks */ = {isa = PBXBuildFile; fileRef = 719F7F22102EA02100D06772 /* Security.framework */; };
		719F80A5102EBE8300D06772 /* NSDataAdditions.h in Headers */ = {isa = PBXBuildFile; fileRef = 719F808F102EBE8300D06772 /* NSDataAdditions.h */; };
		719F80A6102EBE8300D06772 /* NSDataAdditions.m in Sources */ = {isa = PBXBuildFile; fileRef = 719F8090102EBE8300D06772 /* NSDataAdditions.m */; };
		719F80A7102EBE8300D06772 /* NSStringAdditions.h in Headers */ = {isa = PBXBuildFile; fileRef = 719F8091102EBE8300D06772 /* NSStringAdditions.h */; };
		719F80A8102EBE8300D06772 /* NSStringAdditions.m in Sources */ = {isa = PBXBuildFile; fileRef = 719F8092102EBE8300D06772 /* NSStringAdditions.m */; };
		719F80A9102EBE8300D06772 /* XMLRPC.h in Headers */ = {isa = PBXBuildFile; fileRef = 719F8093102EBE8300D06772 /* XMLRPC.h */; };
		719F80AA102EBE8300D06772 /* XMLRPC.pch in Headers */ = {isa = PBXBuildFile; fileRef = 719F8094102EBE8300D06772 /* XMLRPC.pch */; };
		719F80AB102EBE8300D06772 /* XMLRPCConnection.h in Headers */ = {isa = PBXBuildFile; fileRef = 719F8095102EBE8300D06772 /* XMLRPCConnection.h */; };
		719F80AC102EBE8300D06772 /* XMLRPCConnection.m in Sources */ = {isa = PBXBuildFile; fileRef = 719F8096102EBE8300D06772 /* XMLRPCConnection.m */; };
		719F80AD102EBE8300D06772 /* XMLRPCConnectionDelegate.h in Headers */ = {isa = PBXBuildFile; fileRef = 719F8097102EBE8300D06772 /* XMLRPCConnectionDelegate.h */; };
		719F80AE102EBE8300D06772 /* XMLRPCConnectionManager.h in Headers */ = {isa = PBXBuildFile; fileRef = 719F8098102EBE8300D06772 /* XMLRPCConnectionManager.h */; };
		719F80AF102EBE8300D06772 /* XMLRPCConnectionManager.m in Sources */ = {isa = PBXBuildFile; fileRef = 719F8099102EBE8300D06772 /* XMLRPCConnectionManager.m */; };
		719F80B0102EBE8300D06772 /* XMLRPCEncoder.h in Headers */ = {isa = PBXBuildFile; fileRef = 719F809A102EBE8300D06772 /* XMLRPCEncoder.h */; };
		719F80B1102EBE8300D06772 /* XMLRPCEncoder.m in Sources */ = {isa = PBXBuildFile; fileRef = 719F809B102EBE8300D06772 /* XMLRPCEncoder.m */; };
		719F80B2102EBE8300D06772 /* XMLRPCEventBasedParser.h in Headers */ = {isa = PBXBuildFile; fileRef = 719F809C102EBE8300D06772 /* XMLRPCEventBasedParser.h */; };
		719F80B3102EBE8300D06772 /* XMLRPCEventBasedParser.m in Sources */ = {isa = PBXBuildFile; fileRef = 719F809D102EBE8300D06772 /* XMLRPCEventBasedParser.m */; };
		719F80B4102EBE8300D06772 /* XMLRPCRequest.h in Headers */ = {isa = PBXBuildFile; fileRef = 719F809E102EBE8300D06772 /* XMLRPCRequest.h */; };
		719F80B5102EBE8300D06772 /* XMLRPCRequest.m in Sources */ = {isa = PBXBuildFile; fileRef = 719F809F102EBE8300D06772 /* XMLRPCRequest.m */; };
		719F80B6102EBE8300D06772 /* XMLRPCResponse.h in Headers */ = {isa = PBXBuildFile; fileRef = 719F80A0102EBE8300D06772 /* XMLRPCResponse.h */; };
		719F80B7102EBE8300D06772 /* XMLRPCResponse.m in Sources */ = {isa = PBXBuildFile; fileRef = 719F80A1102EBE8300D06772 /* XMLRPCResponse.m */; };
		719F80B8102EBE8300D06772 /* XMLRPCTreeBasedParser.h in Headers */ = {isa = PBXBuildFile; fileRef = 719F80A2102EBE8300D06772 /* XMLRPCTreeBasedParser.h */; };
		719F80B9102EBE8300D06772 /* XMLRPCTreeBasedParser.m in Sources */ = {isa = PBXBuildFile; fileRef = 719F80A3102EBE8300D06772 /* XMLRPCTreeBasedParser.m */; };
		71AD9030103E6F49003EE617 /* asLJCore.h in Headers */ = {isa = PBXBuildFile; fileRef = 71AD902E103E6F49003EE617 /* asLJCore.h */; settings = {ATTRIBUTES = (Public, ); }; };
		71AD9031103E6F49003EE617 /* asLJCore.m in Sources */ = {isa = PBXBuildFile; fileRef = 71AD902F103E6F49003EE617 /* asLJCore.m */; };
		71AD9036103E6F59003EE617 /* asLJCoreKeychain.h in Headers */ = {isa = PBXBuildFile; fileRef = 71AD9032103E6F59003EE617 /* asLJCoreKeychain.h */; };
		71AD9037103E6F59003EE617 /* asLJCoreKeychain.m in Sources */ = {isa = PBXBuildFile; fileRef = 71AD9033103E6F59003EE617 /* asLJCoreKeychain.m */; };
		71AD9038103E6F59003EE617 /* asLJCoreLogger.h in Headers */ = {isa = PBXBuildFile; fileRef = 71AD9034103E6F59003EE617 /* asLJCoreLogger.h */; };
		71AD9039103E6F59003EE617 /* asLJCoreLogger.m in Sources */ = {isa = PBXBuildFile; fileRef = 71AD9035103E6F59003EE617 /* asLJCoreLogger.m */; };
		71AD903B103E6F67003EE617 /* asLJCore_Prefix.pch in Headers */ = {isa = PBXBuildFile; fileRef = 71AD903A103E6F67003EE617 /* asLJCore_Prefix.pch */; };
		8DC2EF530486A6940098B216 /* InfoPlist.strings in Resources */ = {isa = PBXBuildFile; fileRef = 089C1666FE841158C02AAC07 /* InfoPlist.strings */; };
		8DC2EF570486A6940098B216 /* Cocoa.framework in Frameworks */ = {isa = PBXBuildFile; fileRef = 1058C7B1FEA5585E11CA2CBB /* Cocoa.framework */; };
/* End PBXBuildFile section */

/* Begin PBXFileReference section */
		0867D69BFE84028FC02AAC07 /* Foundation.framework */ = {isa = PBXFileReference; lastKnownFileType = wrapper.framework; name = Foundation.framework; path = /System/Library/Frameworks/Foundation.framework; sourceTree = "<absolute>"; };
		0867D6A5FE840307C02AAC07 /* AppKit.framework */ = {isa = PBXFileReference; lastKnownFileType = wrapper.framework; name = AppKit.framework; path = /System/Library/Frameworks/AppKit.framework; sourceTree = "<absolute>"; };
		089C1667FE841158C02AAC07 /* English */ = {isa = PBXFileReference; fileEncoding = 10; lastKnownFileType = text.plist.strings; name = English; path = English.lproj/InfoPlist.strings; sourceTree = "<group>"; };
		1058C7B1FEA5585E11CA2CBB /* Cocoa.framework */ = {isa = PBXFileReference; lastKnownFileType = wrapper.framework; name = Cocoa.framework; path = /System/Library/Frameworks/Cocoa.framework; sourceTree = "<absolute>"; };
		719A89BE102D6CE70001F6CE /* LJEntry.h */ = {isa = PBXFileReference; fileEncoding = 4; lastKnownFileType = sourcecode.c.h; path = LJEntry.h; sourceTree = "<group>"; };
		719A89BF102D6CE70001F6CE /* LJEntry.m */ = {isa = PBXFileReference; fileEncoding = 4; lastKnownFileType = sourcecode.c.objc; path = LJEntry.m; sourceTree = "<group>"; };
		719A89C0102D6CE70001F6CE /* LJErrors.h */ = {isa = PBXFileReference; fileEncoding = 4; lastKnownFileType = sourcecode.c.h; path = LJErrors.h; sourceTree = "<group>"; };
		719A89C3102D6CE70001F6CE /* LJMoods.h */ = {isa = PBXFileReference; fileEncoding = 4; lastKnownFileType = sourcecode.c.h; path = LJMoods.h; sourceTree = "<group>"; };
		719A89C4102D6CE70001F6CE /* LJMoods.m */ = {isa = PBXFileReference; fileEncoding = 4; lastKnownFileType = sourcecode.c.objc; path = LJMoods.m; sourceTree = "<group>"; };
		719A89C5102D6CE70001F6CE /* LJxmlrpc.h */ = {isa = PBXFileReference; fileEncoding = 4; lastKnownFileType = sourcecode.c.h; path = LJxmlrpc.h; sourceTree = "<group>"; };
		719A89C6102D6CE70001F6CE /* LJxmlrpc.m */ = {isa = PBXFileReference; fileEncoding = 4; lastKnownFileType = sourcecode.c.objc; path = LJxmlrpc.m; sourceTree = "<group>"; };
		719F7F22102EA02100D06772 /* Security.framework */ = {isa = PBXFileReference; lastKnownFileType = wrapper.framework; name = Security.framework; path = /System/Library/Frameworks/Security.framework; sourceTree = "<absolute>"; };
		719F808E102EBE8300D06772 /* LICENSE */ = {isa = PBXFileReference; fileEncoding = 4; lastKnownFileType = text; path = LICENSE; sourceTree = "<group>"; };
		719F808F102EBE8300D06772 /* NSDataAdditions.h */ = {isa = PBXFileReference; fileEncoding = 4; lastKnownFileType = sourcecode.c.h; path = NSDataAdditions.h; sourceTree = "<group>"; };
		719F8090102EBE8300D06772 /* NSDataAdditions.m */ = {isa = PBXFileReference; fileEncoding = 4; lastKnownFileType = sourcecode.c.objc; path = NSDataAdditions.m; sourceTree = "<group>"; };
		719F8091102EBE8300D06772 /* NSStringAdditions.h */ = {isa = PBXFileReference; fileEncoding = 4; lastKnownFileType = sourcecode.c.h; path = NSStringAdditions.h; sourceTree = "<group>"; };
		719F8092102EBE8300D06772 /* NSStringAdditions.m */ = {isa = PBXFileReference; fileEncoding = 4; lastKnownFileType = sourcecode.c.objc; path = NSStringAdditions.m; sourceTree = "<group>"; };
		719F8093102EBE8300D06772 /* XMLRPC.h */ = {isa = PBXFileReference; fileEncoding = 4; lastKnownFileType = sourcecode.c.h; path = XMLRPC.h; sourceTree = "<group>"; };
		719F8094102EBE8300D06772 /* XMLRPC.pch */ = {isa = PBXFileReference; fileEncoding = 4; lastKnownFileType = sourcecode.c.h; path = XMLRPC.pch; sourceTree = "<group>"; };
		719F8095102EBE8300D06772 /* XMLRPCConnection.h */ = {isa = PBXFileReference; fileEncoding = 4; lastKnownFileType = sourcecode.c.h; path = XMLRPCConnection.h; sourceTree = "<group>"; };
		719F8096102EBE8300D06772 /* XMLRPCConnection.m */ = {isa = PBXFileReference; fileEncoding = 4; lastKnownFileType = sourcecode.c.objc; path = XMLRPCConnection.m; sourceTree = "<group>"; };
		719F8097102EBE8300D06772 /* XMLRPCConnectionDelegate.h */ = {isa = PBXFileReference; fileEncoding = 4; lastKnownFileType = sourcecode.c.h; path = XMLRPCConnectionDelegate.h; sourceTree = "<group>"; };
		719F8098102EBE8300D06772 /* XMLRPCConnectionManager.h */ = {isa = PBXFileReference; fileEncoding = 4; lastKnownFileType = sourcecode.c.h; path = XMLRPCConnectionManager.h; sourceTree = "<group>"; };
		719F8099102EBE8300D06772 /* XMLRPCConnectionManager.m */ = {isa = PBXFileReference; fileEncoding = 4; lastKnownFileType = sourcecode.c.objc; path = XMLRPCConnectionManager.m; sourceTree = "<group>"; };
		719F809A102EBE8300D06772 /* XMLRPCEncoder.h */ = {isa = PBXFileReference; fileEncoding = 4; lastKnownFileType = sourcecode.c.h; path = XMLRPCEncoder.h; sourceTree = "<group>"; };
		719F809B102EBE8300D06772 /* XMLRPCEncoder.m */ = {isa = PBXFileReference; fileEncoding = 4; lastKnownFileType = sourcecode.c.objc; path = XMLRPCEncoder.m; sourceTree = "<group>"; };
		719F809C102EBE8300D06772 /* XMLRPCEventBasedParser.h */ = {isa = PBXFileReference; fileEncoding = 4; lastKnownFileType = sourcecode.c.h; path = XMLRPCEventBasedParser.h; sourceTree = "<group>"; };
		719F809D102EBE8300D06772 /* XMLRPCEventBasedParser.m */ = {isa = PBXFileReference; fileEncoding = 4; lastKnownFileType = sourcecode.c.objc; path = XMLRPCEventBasedParser.m; sourceTree = "<group>"; };
		719F809E102EBE8300D06772 /* XMLRPCRequest.h */ = {isa = PBXFileReference; fileEncoding = 4; lastKnownFileType = sourcecode.c.h; path = XMLRPCRequest.h; sourceTree = "<group>"; };
		719F809F102EBE8300D06772 /* XMLRPCRequest.m */ = {isa = PBXFileReference; fileEncoding = 4; lastKnownFileType = sourcecode.c.objc; path = XMLRPCRequest.m; sourceTree = "<group>"; };
		719F80A0102EBE8300D06772 /* XMLRPCResponse.h */ = {isa = PBXFileReference; fileEncoding = 4; lastKnownFileType = sourcecode.c.h; path = XMLRPCResponse.h; sourceTree = "<group>"; };
		719F80A1102EBE8300D06772 /* XMLRPCResponse.m */ = {isa = PBXFileReference; fileEncoding = 4; lastKnownFileType = sourcecode.c.objc; path = XMLRPCResponse.m; sourceTree = "<group>"; };
		719F80A2102EBE8300D06772 /* XMLRPCTreeBasedParser.h */ = {isa = PBXFileReference; fileEncoding = 4; lastKnownFileType = sourcecode.c.h; path = XMLRPCTreeBasedParser.h; sourceTree = "<group>"; };
		719F80A3102EBE8300D06772 /* XMLRPCTreeBasedParser.m */ = {isa = PBXFileReference; fileEncoding = 4; lastKnownFileType = sourcecode.c.objc; path = XMLRPCTreeBasedParser.m; sourceTree = "<group>"; };
		71AD902E103E6F49003EE617 /* asLJCore.h */ = {isa = PBXFileReference; fileEncoding = 4; lastKnownFileType = sourcecode.c.h; path = asLJCore.h; sourceTree = "<group>"; };
		71AD902F103E6F49003EE617 /* asLJCore.m */ = {isa = PBXFileReference; fileEncoding = 4; lastKnownFileType = sourcecode.c.objc; path = asLJCore.m; sourceTree = "<group>"; };
		71AD9032103E6F59003EE617 /* asLJCoreKeychain.h */ = {isa = PBXFileReference; fileEncoding = 4; lastKnownFileType = sourcecode.c.h; path = asLJCoreKeychain.h; sourceTree = "<group>"; };
		71AD9033103E6F59003EE617 /* asLJCoreKeychain.m */ = {isa = PBXFileReference; fileEncoding = 4; lastKnownFileType = sourcecode.c.objc; path = asLJCoreKeychain.m; sourceTree = "<group>"; };
		71AD9034103E6F59003EE617 /* asLJCoreLogger.h */ = {isa = PBXFileReference; fileEncoding = 4; lastKnownFileType = sourcecode.c.h; path = asLJCoreLogger.h; sourceTree = "<group>"; };
		71AD9035103E6F59003EE617 /* asLJCoreLogger.m */ = {isa = PBXFileReference; fileEncoding = 4; lastKnownFileType = sourcecode.c.objc; path = asLJCoreLogger.m; sourceTree = "<group>"; };
		71AD903A103E6F67003EE617 /* asLJCore_Prefix.pch */ = {isa = PBXFileReference; fileEncoding = 4; lastKnownFileType = sourcecode.c.h; path = asLJCore_Prefix.pch; sourceTree = "<group>"; };
		8DC2EF5A0486A6940098B216 /* Info.plist */ = {isa = PBXFileReference; fileEncoding = 4; lastKnownFileType = text.plist.xml; path = Info.plist; sourceTree = "<group>"; };
		8DC2EF5B0486A6940098B216 /* asLJCore.framework */ = {isa = PBXFileReference; explicitFileType = wrapper.framework; includeInIndex = 0; path = asLJCore.framework; sourceTree = BUILT_PRODUCTS_DIR; };
		D2F7E79907B2D74100F64583 /* CoreData.framework */ = {isa = PBXFileReference; lastKnownFileType = wrapper.framework; name = CoreData.framework; path = /System/Library/Frameworks/CoreData.framework; sourceTree = "<absolute>"; };
/* End PBXFileReference section */

/* Begin PBXFrameworksBuildPhase section */
		8DC2EF560486A6940098B216 /* Frameworks */ = {
			isa = PBXFrameworksBuildPhase;
			buildActionMask = 2147483647;
			files = (
				8DC2EF570486A6940098B216 /* Cocoa.framework in Frameworks */,
				719F7F23102EA02100D06772 /* Security.framework in Frameworks */,
			);
			runOnlyForDeploymentPostprocessing = 0;
		};
/* End PBXFrameworksBuildPhase section */

/* Begin PBXGroup section */
		034768DFFF38A50411DB9C8B /* Products */ = {
			isa = PBXGroup;
			children = (
				8DC2EF5B0486A6940098B216 /* asLJCore.framework */,
			);
			name = Products;
			sourceTree = "<group>";
		};
		0867D691FE84028FC02AAC07 /* asLJFramework */ = {
			isa = PBXGroup;
			children = (
				719F808C102EBDBD00D06772 /* Public Classes */,
				08FB77AEFE84172EC02AAC07 /* Private Classes */,
				32C88DFF0371C24200C91783 /* Other Sources */,
				719F808D102EBE8300D06772 /* XMLRPC */,
				089C1665FE841158C02AAC07 /* Resources */,
				0867D69AFE84028FC02AAC07 /* External Frameworks and Libraries */,
				034768DFFF38A50411DB9C8B /* Products */,
			);
			name = asLJFramework;
			sourceTree = "<group>";
		};
		0867D69AFE84028FC02AAC07 /* External Frameworks and Libraries */ = {
			isa = PBXGroup;
			children = (
				1058C7B0FEA5585E11CA2CBB /* Linked Frameworks */,
				1058C7B2FEA5585E11CA2CBB /* Other Frameworks */,
			);
			name = "External Frameworks and Libraries";
			sourceTree = "<group>";
		};
		089C1665FE841158C02AAC07 /* Resources */ = {
			isa = PBXGroup;
			children = (
				8DC2EF5A0486A6940098B216 /* Info.plist */,
				089C1666FE841158C02AAC07 /* InfoPlist.strings */,
			);
			name = Resources;
			sourceTree = "<group>";
		};
		08FB77AEFE84172EC02AAC07 /* Private Classes */ = {
			isa = PBXGroup;
			children = (
				71AD9032103E6F59003EE617 /* asLJCoreKeychain.h */,
				71AD9033103E6F59003EE617 /* asLJCoreKeychain.m */,
				71AD9034103E6F59003EE617 /* asLJCoreLogger.h */,
				71AD9035103E6F59003EE617 /* asLJCoreLogger.m */,
				719A89C3102D6CE70001F6CE /* LJMoods.h */,
				719A89C4102D6CE70001F6CE /* LJMoods.m */,
				719A89C5102D6CE70001F6CE /* LJxmlrpc.h */,
				719A89C6102D6CE70001F6CE /* LJxmlrpc.m */,
			);
			name = "Private Classes";
			sourceTree = "<group>";
		};
		1058C7B0FEA5585E11CA2CBB /* Linked Frameworks */ = {
			isa = PBXGroup;
			children = (
				1058C7B1FEA5585E11CA2CBB /* Cocoa.framework */,
				719F7F22102EA02100D06772 /* Security.framework */,
			);
			name = "Linked Frameworks";
			sourceTree = "<group>";
		};
		1058C7B2FEA5585E11CA2CBB /* Other Frameworks */ = {
			isa = PBXGroup;
			children = (
				0867D6A5FE840307C02AAC07 /* AppKit.framework */,
				D2F7E79907B2D74100F64583 /* CoreData.framework */,
				0867D69BFE84028FC02AAC07 /* Foundation.framework */,
			);
			name = "Other Frameworks";
			sourceTree = "<group>";
		};
		32C88DFF0371C24200C91783 /* Other Sources */ = {
			isa = PBXGroup;
			children = (
				719A89C0102D6CE70001F6CE /* LJErrors.h */,
				71AD903A103E6F67003EE617 /* asLJCore_Prefix.pch */,
			);
			name = "Other Sources";
			sourceTree = "<group>";
		};
		719F808C102EBDBD00D06772 /* Public Classes */ = {
			isa = PBXGroup;
			children = (
				71AD902E103E6F49003EE617 /* asLJCore.h */,
				71AD902F103E6F49003EE617 /* asLJCore.m */,
				719A89BE102D6CE70001F6CE /* LJEntry.h */,
				719A89BF102D6CE70001F6CE /* LJEntry.m */,
			);
			name = "Public Classes";
			sourceTree = "<group>";
		};
		719F808D102EBE8300D06772 /* XMLRPC */ = {
			isa = PBXGroup;
			children = (
				719F808E102EBE8300D06772 /* LICENSE */,
				719F808F102EBE8300D06772 /* NSDataAdditions.h */,
				719F8090102EBE8300D06772 /* NSDataAdditions.m */,
				719F8091102EBE8300D06772 /* NSStringAdditions.h */,
				719F8092102EBE8300D06772 /* NSStringAdditions.m */,
				719F8093102EBE8300D06772 /* XMLRPC.h */,
				719F8094102EBE8300D06772 /* XMLRPC.pch */,
				719F8095102EBE8300D06772 /* XMLRPCConnection.h */,
				719F8096102EBE8300D06772 /* XMLRPCConnection.m */,
				719F8097102EBE8300D06772 /* XMLRPCConnectionDelegate.h */,
				719F8098102EBE8300D06772 /* XMLRPCConnectionManager.h */,
				719F8099102EBE8300D06772 /* XMLRPCConnectionManager.m */,
				719F809A102EBE8300D06772 /* XMLRPCEncoder.h */,
				719F809B102EBE8300D06772 /* XMLRPCEncoder.m */,
				719F809C102EBE8300D06772 /* XMLRPCEventBasedParser.h */,
				719F809D102EBE8300D06772 /* XMLRPCEventBasedParser.m */,
				719F809E102EBE8300D06772 /* XMLRPCRequest.h */,
				719F809F102EBE8300D06772 /* XMLRPCRequest.m */,
				719F80A0102EBE8300D06772 /* XMLRPCResponse.h */,
				719F80A1102EBE8300D06772 /* XMLRPCResponse.m */,
				719F80A2102EBE8300D06772 /* XMLRPCTreeBasedParser.h */,
				719F80A3102EBE8300D06772 /* XMLRPCTreeBasedParser.m */,
			);
			path = XMLRPC;
			sourceTree = "<group>";
		};
/* End PBXGroup section */

/* Begin PBXHeadersBuildPhase section */
		8DC2EF500486A6940098B216 /* Headers */ = {
			isa = PBXHeadersBuildPhase;
			buildActionMask = 2147483647;
			files = (
				719A89C7102D6CE70001F6CE /* LJEntry.h in Headers */,
				719A89C9102D6CE70001F6CE /* LJErrors.h in Headers */,
				719A89CC102D6CE70001F6CE /* LJMoods.h in Headers */,
				719A89CE102D6CE70001F6CE /* LJxmlrpc.h in Headers */,
				719F80A5102EBE8300D06772 /* NSDataAdditions.h in Headers */,
				719F80A7102EBE8300D06772 /* NSStringAdditions.h in Headers */,
				719F80A9102EBE8300D06772 /* XMLRPC.h in Headers */,
				719F80AA102EBE8300D06772 /* XMLRPC.pch in Headers */,
				719F80AB102EBE8300D06772 /* XMLRPCConnection.h in Headers */,
				719F80AD102EBE8300D06772 /* XMLRPCConnectionDelegate.h in Headers */,
				719F80AE102EBE8300D06772 /* XMLRPCConnectionManager.h in Headers */,
				719F80B0102EBE8300D06772 /* XMLRPCEncoder.h in Headers */,
				719F80B2102EBE8300D06772 /* XMLRPCEventBasedParser.h in Headers */,
				719F80B4102EBE8300D06772 /* XMLRPCRequest.h in Headers */,
				719F80B6102EBE8300D06772 /* XMLRPCResponse.h in Headers */,
				719F80B8102EBE8300D06772 /* XMLRPCTreeBasedParser.h in Headers */,
				71AD9030103E6F49003EE617 /* asLJCore.h in Headers */,
				71AD9036103E6F59003EE617 /* asLJCoreKeychain.h in Headers */,
				71AD9038103E6F59003EE617 /* asLJCoreLogger.h in Headers */,
				71AD903B103E6F67003EE617 /* asLJCore_Prefix.pch in Headers */,
			);
			runOnlyForDeploymentPostprocessing = 0;
		};
/* End PBXHeadersBuildPhase section */

/* Begin PBXNativeTarget section */
		8DC2EF4F0486A6940098B216 /* asLJCore */ = {
			isa = PBXNativeTarget;
			buildConfigurationList = 1DEB91AD08733DA50010E9CD /* Build configuration list for PBXNativeTarget "asLJCore" */;
			buildPhases = (
				8DC2EF500486A6940098B216 /* Headers */,
				8DC2EF520486A6940098B216 /* Resources */,
				8DC2EF540486A6940098B216 /* Sources */,
				8DC2EF560486A6940098B216 /* Frameworks */,
			);
			buildRules = (
			);
			dependencies = (
			);
			name = asLJCore;
			productInstallPath = "$(HOME)/Library/Frameworks";
			productName = asLJFramework;
			productReference = 8DC2EF5B0486A6940098B216 /* asLJCore.framework */;
			productType = "com.apple.product-type.framework";
		};
/* End PBXNativeTarget section */

/* Begin PBXProject section */
		0867D690FE84028FC02AAC07 /* Project object */ = {
			isa = PBXProject;
			buildConfigurationList = 1DEB91B108733DA50010E9CD /* Build configuration list for PBXProject "asLJCore" */;
			compatibilityVersion = "Xcode 3.1";
			hasScannedForEncodings = 1;
			mainGroup = 0867D691FE84028FC02AAC07 /* asLJFramework */;
			productRefGroup = 034768DFFF38A50411DB9C8B /* Products */;
			projectDirPath = "";
			projectRoot = "";
			targets = (
				8DC2EF4F0486A6940098B216 /* asLJCore */,
			);
		};
/* End PBXProject section */

/* Begin PBXResourcesBuildPhase section */
		8DC2EF520486A6940098B216 /* Resources */ = {
			isa = PBXResourcesBuildPhase;
			buildActionMask = 2147483647;
			files = (
				8DC2EF530486A6940098B216 /* InfoPlist.strings in Resources */,
			);
			runOnlyForDeploymentPostprocessing = 0;
		};
/* End PBXResourcesBuildPhase section */

/* Begin PBXSourcesBuildPhase section */
		8DC2EF540486A6940098B216 /* Sources */ = {
			isa = PBXSourcesBuildPhase;
			buildActionMask = 2147483647;
			files = (
				719A89C8102D6CE70001F6CE /* LJEntry.m in Sources */,
				719A89CD102D6CE70001F6CE /* LJMoods.m in Sources */,
				719A89CF102D6CE70001F6CE /* LJxmlrpc.m in Sources */,
				719F80A6102EBE8300D06772 /* NSDataAdditions.m in Sources */,
				719F80A8102EBE8300D06772 /* NSStringAdditions.m in Sources */,
				719F80AC102EBE8300D06772 /* XMLRPCConnection.m in Sources */,
				719F80AF102EBE8300D06772 /* XMLRPCConnectionManager.m in Sources */,
				719F80B1102EBE8300D06772 /* XMLRPCEncoder.m in Sources */,
				719F80B3102EBE8300D06772 /* XMLRPCEventBasedParser.m in Sources */,
				719F80B5102EBE8300D06772 /* XMLRPCRequest.m in Sources */,
				719F80B7102EBE8300D06772 /* XMLRPCResponse.m in Sources */,
				719F80B9102EBE8300D06772 /* XMLRPCTreeBasedParser.m in Sources */,
				71AD9031103E6F49003EE617 /* asLJCore.m in Sources */,
				71AD9037103E6F59003EE617 /* asLJCoreKeychain.m in Sources */,
				71AD9039103E6F59003EE617 /* asLJCoreLogger.m in Sources */,
			);
			runOnlyForDeploymentPostprocessing = 0;
		};
/* End PBXSourcesBuildPhase section */

/* Begin PBXVariantGroup section */
		089C1666FE841158C02AAC07 /* InfoPlist.strings */ = {
			isa = PBXVariantGroup;
			children = (
				089C1667FE841158C02AAC07 /* English */,
			);
			name = InfoPlist.strings;
			sourceTree = "<group>";
		};
/* End PBXVariantGroup section */

/* Begin XCBuildConfiguration section */
		1DEB91AE08733DA50010E9CD /* Debug */ = {
			isa = XCBuildConfiguration;
			buildSettings = {
				ALWAYS_SEARCH_USER_PATHS = NO;
				COPY_PHASE_STRIP = NO;
				DYLIB_COMPATIBILITY_VERSION = 1;
				DYLIB_CURRENT_VERSION = 1;
				FRAMEWORK_SEARCH_PATHS = (
					"$(inherited)",
					"\"$(SRCROOT)\"",
				);
				FRAMEWORK_VERSION = A;
				GCC_DYNAMIC_NO_PIC = NO;
				GCC_ENABLE_FIX_AND_CONTINUE = YES;
				GCC_MODEL_TUNING = G5;
				GCC_OPTIMIZATION_LEVEL = 0;
				GCC_PRECOMPILE_PREFIX_HEADER = YES;
				GCC_PREFIX_HEADER = asLJCore_Prefix.pch;
				INFOPLIST_FILE = Info.plist;
				INSTALL_PATH = "@executable_path/../Frameworks";
				PRODUCT_NAME = asLJCore;
				WRAPPER_EXTENSION = framework;
			};
			name = Debug;
		};
		1DEB91AF08733DA50010E9CD /* Release */ = {
			isa = XCBuildConfiguration;
			buildSettings = {
				ALWAYS_SEARCH_USER_PATHS = NO;
				DEBUG_INFORMATION_FORMAT = "dwarf-with-dsym";
				DYLIB_COMPATIBILITY_VERSION = 1;
				DYLIB_CURRENT_VERSION = 1;
				FRAMEWORK_SEARCH_PATHS = (
					"$(inherited)",
					"\"$(SRCROOT)\"",
				);
				FRAMEWORK_VERSION = A;
				GCC_MODEL_TUNING = G5;
				GCC_PRECOMPILE_PREFIX_HEADER = YES;
				GCC_PREFIX_HEADER = asLJCore_Prefix.pch;
				INFOPLIST_FILE = Info.plist;
				INSTALL_PATH = "@executable_path/../Frameworks";
				PRODUCT_NAME = asLJCore;
				WRAPPER_EXTENSION = framework;
			};
			name = Release;
		};
		1DEB91B208733DA50010E9CD /* Debug */ = {
			isa = XCBuildConfiguration;
			buildSettings = {
				ARCHS = "$(ARCHS_STANDARD_32_BIT)";
				GCC_C_LANGUAGE_STANDARD = c99;
				GCC_OPTIMIZATION_LEVEL = 0;
				GCC_WARN_ABOUT_RETURN_TYPE = YES;
				GCC_WARN_UNUSED_VARIABLE = YES;
				ONLY_ACTIVE_ARCH = YES;
				PREBINDING = NO;
				SDKROOT = macosx10.5;
			};
			name = Debug;
		};
		1DEB91B308733DA50010E9CD /* Release */ = {
			isa = XCBuildConfiguration;
			buildSettings = {
				ARCHS = "$(ARCHS_STANDARD_32_BIT)";
				GCC_C_LANGUAGE_STANDARD = c99;
				GCC_WARN_ABOUT_RETURN_TYPE = YES;
				GCC_WARN_UNUSED_VARIABLE = YES;
				PREBINDING = NO;
				SDKROOT = macosx10.5;
			};
			name = Release;
		};
/* End XCBuildConfiguration section */

/* Begin XCConfigurationList section */
		1DEB91AD08733DA50010E9CD /* Build configuration list for PBXNativeTarget "asLJCore" */ = {
			isa = XCConfigurationList;
			buildConfigurations = (
				1DEB91AE08733DA50010E9CD /* Debug */,
				1DEB91AF08733DA50010E9CD /* Release */,
			);
			defaultConfigurationIsVisible = 0;
			defaultConfigurationName = Debug;
		};
		1DEB91B108733DA50010E9CD /* Build configuration list for PBXProject "asLJCore" */ = {
			isa = XCConfigurationList;
			buildConfigurations = (
				1DEB91B208733DA50010E9CD /* Debug */,
				1DEB91B308733DA50010E9CD /* Release */,
			);
			defaultConfigurationIsVisible = 0;
			defaultConfigurationName = Debug;
		};
/* End XCConfigurationList section */
	};
	rootObject = 0867D690FE84028FC02AAC07 /* Project object */;
}
