// !$*UTF8*$!
{
	archiveVersion = 1;
	classes = {
	};
	objectVersion = 46;
	objects = {

/* Begin PBXBuildFile section */
		719F7F23102EA02100D06772 /* Security.framework in Frameworks */ = {isa = PBXBuildFile; fileRef = 719F7F22102EA02100D06772 /* Security.framework */; };
		71E6745C15969C8300729D2C /* CoreServices.framework in Frameworks */ = {isa = PBXBuildFile; fileRef = 71E6745B15969C8300729D2C /* CoreServices.framework */; };
		71E6747015969D8C00729D2C /* asLJCore_Prefix.pch in Headers */ = {isa = PBXBuildFile; fileRef = 71E6745E15969D8C00729D2C /* asLJCore_Prefix.pch */; };
		71E6747115969D8C00729D2C /* LJErrors.h in Headers */ = {isa = PBXBuildFile; fileRef = 71E6745F15969D8C00729D2C /* LJErrors.h */; };
		71E6747215969D8C00729D2C /* asLJCoreKeychain.h in Headers */ = {isa = PBXBuildFile; fileRef = 71E6746115969D8C00729D2C /* asLJCoreKeychain.h */; };
		71E6747315969D8C00729D2C /* asLJCoreKeychain.m in Sources */ = {isa = PBXBuildFile; fileRef = 71E6746215969D8C00729D2C /* asLJCoreKeychain.m */; };
		71E6747415969D8C00729D2C /* asLJCoreLogger.h in Headers */ = {isa = PBXBuildFile; fileRef = 71E6746315969D8C00729D2C /* asLJCoreLogger.h */; };
		71E6747515969D8C00729D2C /* asLJCoreLogger.m in Sources */ = {isa = PBXBuildFile; fileRef = 71E6746415969D8C00729D2C /* asLJCoreLogger.m */; };
		71E6747615969D8C00729D2C /* LJMoods.h in Headers */ = {isa = PBXBuildFile; fileRef = 71E6746515969D8C00729D2C /* LJMoods.h */; };
		71E6747715969D8C00729D2C /* LJMoods.m in Sources */ = {isa = PBXBuildFile; fileRef = 71E6746615969D8C00729D2C /* LJMoods.m */; };
		71E6747A15969D8C00729D2C /* asLJCore.h in Headers */ = {isa = PBXBuildFile; fileRef = 71E6746A15969D8C00729D2C /* asLJCore.h */; };
		71E6747B15969D8C00729D2C /* asLJCore.m in Sources */ = {isa = PBXBuildFile; fileRef = 71E6746B15969D8C00729D2C /* asLJCore.m */; };
		71E6747C15969D8C00729D2C /* asLJCoreAsynchronous.h in Headers */ = {isa = PBXBuildFile; fileRef = 71E6746C15969D8C00729D2C /* asLJCoreAsynchronous.h */; };
		71E6747D15969D8C00729D2C /* asLJCoreAsynchronous.m in Sources */ = {isa = PBXBuildFile; fileRef = 71E6746D15969D8C00729D2C /* asLJCoreAsynchronous.m */; };
		71E6747E15969D8C00729D2C /* LJEntry.h in Headers */ = {isa = PBXBuildFile; fileRef = 71E6746E15969D8C00729D2C /* LJEntry.h */; };
		71E6747F15969D8C00729D2C /* LJEntry.m in Sources */ = {isa = PBXBuildFile; fileRef = 71E6746F15969D8C00729D2C /* LJEntry.m */; };
		71E6748215969D9F00729D2C /* NSString+MD5.h in Headers */ = {isa = PBXBuildFile; fileRef = 71E6748015969D9F00729D2C /* NSString+MD5.h */; };
		71E6748315969D9F00729D2C /* NSString+MD5.m in Sources */ = {isa = PBXBuildFile; fileRef = 71E6748115969D9F00729D2C /* NSString+MD5.m */; };
		71E674861596A53600729D2C /* LJxmlrpc2.h in Headers */ = {isa = PBXBuildFile; fileRef = 71E674841596A53600729D2C /* LJxmlrpc2.h */; };
		71E674871596A53600729D2C /* LJxmlrpc2.m in Sources */ = {isa = PBXBuildFile; fileRef = 71E674851596A53600729D2C /* LJxmlrpc2.m */; };
		71E6748A1596B3AC00729D2C /* LJaccount.h in Headers */ = {isa = PBXBuildFile; fileRef = 71E674881596B3AC00729D2C /* LJaccount.h */; };
		71E6748B1596B3AC00729D2C /* LJaccount.m in Sources */ = {isa = PBXBuildFile; fileRef = 71E674891596B3AC00729D2C /* LJaccount.m */; };
		8DC2EF530486A6940098B216 /* InfoPlist.strings in Resources */ = {isa = PBXBuildFile; fileRef = 089C1666FE841158C02AAC07 /* InfoPlist.strings */; };
		8DC2EF570486A6940098B216 /* Cocoa.framework in Frameworks */ = {isa = PBXBuildFile; fileRef = 1058C7B1FEA5585E11CA2CBB /* Cocoa.framework */; };
/* End PBXBuildFile section */

/* Begin PBXFileReference section */
		0867D69BFE84028FC02AAC07 /* Foundation.framework */ = {isa = PBXFileReference; lastKnownFileType = wrapper.framework; name = Foundation.framework; path = /System/Library/Frameworks/Foundation.framework; sourceTree = "<absolute>"; };
		0867D6A5FE840307C02AAC07 /* AppKit.framework */ = {isa = PBXFileReference; lastKnownFileType = wrapper.framework; name = AppKit.framework; path = /System/Library/Frameworks/AppKit.framework; sourceTree = "<absolute>"; };
		089C1667FE841158C02AAC07 /* English */ = {isa = PBXFileReference; fileEncoding = 10; lastKnownFileType = text.plist.strings; name = English; path = English.lproj/InfoPlist.strings; sourceTree = "<group>"; };
		1058C7B1FEA5585E11CA2CBB /* Cocoa.framework */ = {isa = PBXFileReference; lastKnownFileType = wrapper.framework; name = Cocoa.framework; path = /System/Library/Frameworks/Cocoa.framework; sourceTree = "<absolute>"; };
		719F7F22102EA02100D06772 /* Security.framework */ = {isa = PBXFileReference; lastKnownFileType = wrapper.framework; name = Security.framework; path = /System/Library/Frameworks/Security.framework; sourceTree = "<absolute>"; };
		71E6745B15969C8300729D2C /* CoreServices.framework */ = {isa = PBXFileReference; lastKnownFileType = wrapper.framework; name = CoreServices.framework; path = System/Library/Frameworks/CoreServices.framework; sourceTree = SDKROOT; };
		71E6745E15969D8C00729D2C /* asLJCore_Prefix.pch */ = {isa = PBXFileReference; fileEncoding = 4; lastKnownFileType = sourcecode.c.h; path = asLJCore_Prefix.pch; sourceTree = "<group>"; };
		71E6745F15969D8C00729D2C /* LJErrors.h */ = {isa = PBXFileReference; fileEncoding = 4; lastKnownFileType = sourcecode.c.h; path = LJErrors.h; sourceTree = "<group>"; };
		71E6746115969D8C00729D2C /* asLJCoreKeychain.h */ = {isa = PBXFileReference; fileEncoding = 4; lastKnownFileType = sourcecode.c.h; path = asLJCoreKeychain.h; sourceTree = "<group>"; };
		71E6746215969D8C00729D2C /* asLJCoreKeychain.m */ = {isa = PBXFileReference; fileEncoding = 4; lastKnownFileType = sourcecode.c.objc; path = asLJCoreKeychain.m; sourceTree = "<group>"; };
		71E6746315969D8C00729D2C /* asLJCoreLogger.h */ = {isa = PBXFileReference; fileEncoding = 4; lastKnownFileType = sourcecode.c.h; path = asLJCoreLogger.h; sourceTree = "<group>"; };
		71E6746415969D8C00729D2C /* asLJCoreLogger.m */ = {isa = PBXFileReference; fileEncoding = 4; lastKnownFileType = sourcecode.c.objc; path = asLJCoreLogger.m; sourceTree = "<group>"; };
		71E6746515969D8C00729D2C /* LJMoods.h */ = {isa = PBXFileReference; fileEncoding = 4; lastKnownFileType = sourcecode.c.h; path = LJMoods.h; sourceTree = "<group>"; };
		71E6746615969D8C00729D2C /* LJMoods.m */ = {isa = PBXFileReference; fileEncoding = 4; lastKnownFileType = sourcecode.c.objc; path = LJMoods.m; sourceTree = "<group>"; };
		71E6746A15969D8C00729D2C /* asLJCore.h */ = {isa = PBXFileReference; fileEncoding = 4; lastKnownFileType = sourcecode.c.h; path = asLJCore.h; sourceTree = "<group>"; };
		71E6746B15969D8C00729D2C /* asLJCore.m */ = {isa = PBXFileReference; fileEncoding = 4; lastKnownFileType = sourcecode.c.objc; path = asLJCore.m; sourceTree = "<group>"; };
		71E6746C15969D8C00729D2C /* asLJCoreAsynchronous.h */ = {isa = PBXFileReference; fileEncoding = 4; lastKnownFileType = sourcecode.c.h; path = asLJCoreAsynchronous.h; sourceTree = "<group>"; };
		71E6746D15969D8C00729D2C /* asLJCoreAsynchronous.m */ = {isa = PBXFileReference; fileEncoding = 4; lastKnownFileType = sourcecode.c.objc; path = asLJCoreAsynchronous.m; sourceTree = "<group>"; };
		71E6746E15969D8C00729D2C /* LJEntry.h */ = {isa = PBXFileReference; fileEncoding = 4; lastKnownFileType = sourcecode.c.h; path = LJEntry.h; sourceTree = "<group>"; };
		71E6746F15969D8C00729D2C /* LJEntry.m */ = {isa = PBXFileReference; fileEncoding = 4; lastKnownFileType = sourcecode.c.objc; path = LJEntry.m; sourceTree = "<group>"; };
		71E6748015969D9F00729D2C /* NSString+MD5.h */ = {isa = PBXFileReference; fileEncoding = 4; lastKnownFileType = sourcecode.c.h; path = "NSString+MD5.h"; sourceTree = "<group>"; };
		71E6748115969D9F00729D2C /* NSString+MD5.m */ = {isa = PBXFileReference; fileEncoding = 4; lastKnownFileType = sourcecode.c.objc; path = "NSString+MD5.m"; sourceTree = "<group>"; };
		71E674841596A53600729D2C /* LJxmlrpc2.h */ = {isa = PBXFileReference; fileEncoding = 4; lastKnownFileType = sourcecode.c.h; path = LJxmlrpc2.h; sourceTree = "<group>"; };
		71E674851596A53600729D2C /* LJxmlrpc2.m */ = {isa = PBXFileReference; fileEncoding = 4; lastKnownFileType = sourcecode.c.objc; path = LJxmlrpc2.m; sourceTree = "<group>"; };
		71E674881596B3AC00729D2C /* LJaccount.h */ = {isa = PBXFileReference; fileEncoding = 4; lastKnownFileType = sourcecode.c.h; path = LJaccount.h; sourceTree = "<group>"; };
		71E674891596B3AC00729D2C /* LJaccount.m */ = {isa = PBXFileReference; fileEncoding = 4; lastKnownFileType = sourcecode.c.objc; path = LJaccount.m; sourceTree = "<group>"; };
		8DC2EF5A0486A6940098B216 /* Info.plist */ = {isa = PBXFileReference; fileEncoding = 4; lastKnownFileType = text.plist.xml; path = Info.plist; sourceTree = "<group>"; };
		8DC2EF5B0486A6940098B216 /* asLJCore.framework */ = {isa = PBXFileReference; explicitFileType = wrapper.framework; includeInIndex = 0; path = asLJCore.framework; sourceTree = BUILT_PRODUCTS_DIR; };
		D2F7E79907B2D74100F64583 /* CoreData.framework */ = {isa = PBXFileReference; lastKnownFileType = wrapper.framework; name = CoreData.framework; path = /System/Library/Frameworks/CoreData.framework; sourceTree = "<absolute>"; };
/* End PBXFileReference section */

/* Begin PBXFrameworksBuildPhase section */
		8DC2EF560486A6940098B216 /* Frameworks */ = {
			isa = PBXFrameworksBuildPhase;
			buildActionMask = 2147483647;
			files = (
				71E6745C15969C8300729D2C /* CoreServices.framework in Frameworks */,
				8DC2EF570486A6940098B216 /* Cocoa.framework in Frameworks */,
				719F7F23102EA02100D06772 /* Security.framework in Frameworks */,
			);
			runOnlyForDeploymentPostprocessing = 0;
		};
/* End PBXFrameworksBuildPhase section */

/* Begin PBXGroup section */
		034768DFFF38A50411DB9C8B /* Products */ = {
			isa = PBXGroup;
			children = (
				8DC2EF5B0486A6940098B216 /* asLJCore.framework */,
			);
			name = Products;
			sourceTree = "<group>";
		};
		0867D691FE84028FC02AAC07 /* asLJFramework */ = {
			isa = PBXGroup;
			children = (
				71E6746915969D8C00729D2C /* Public Classes */,
				71E6746015969D8C00729D2C /* Private Classes */,
				71E6745D15969D8C00729D2C /* Other Sources */,
				089C1665FE841158C02AAC07 /* Resources */,
				0867D69AFE84028FC02AAC07 /* External Frameworks and Libraries */,
				034768DFFF38A50411DB9C8B /* Products */,
			);
			name = asLJFramework;
			sourceTree = "<group>";
		};
		0867D69AFE84028FC02AAC07 /* External Frameworks and Libraries */ = {
			isa = PBXGroup;
			children = (
				1058C7B0FEA5585E11CA2CBB /* Linked Frameworks */,
				1058C7B2FEA5585E11CA2CBB /* Other Frameworks */,
			);
			name = "External Frameworks and Libraries";
			sourceTree = "<group>";
		};
		089C1665FE841158C02AAC07 /* Resources */ = {
			isa = PBXGroup;
			children = (
				8DC2EF5A0486A6940098B216 /* Info.plist */,
				089C1666FE841158C02AAC07 /* InfoPlist.strings */,
			);
			name = Resources;
			sourceTree = "<group>";
		};
		1058C7B0FEA5585E11CA2CBB /* Linked Frameworks */ = {
			isa = PBXGroup;
			children = (
				1058C7B1FEA5585E11CA2CBB /* Cocoa.framework */,
				71E6745B15969C8300729D2C /* CoreServices.framework */,
				719F7F22102EA02100D06772 /* Security.framework */,
			);
			name = "Linked Frameworks";
			sourceTree = "<group>";
		};
		1058C7B2FEA5585E11CA2CBB /* Other Frameworks */ = {
			isa = PBXGroup;
			children = (
				0867D6A5FE840307C02AAC07 /* AppKit.framework */,
				D2F7E79907B2D74100F64583 /* CoreData.framework */,
				0867D69BFE84028FC02AAC07 /* Foundation.framework */,
			);
			name = "Other Frameworks";
			sourceTree = "<group>";
		};
		71E6745D15969D8C00729D2C /* Other Sources */ = {
			isa = PBXGroup;
			children = (
				71E6748015969D9F00729D2C /* NSString+MD5.h */,
				71E6748115969D9F00729D2C /* NSString+MD5.m */,
				71E6745E15969D8C00729D2C /* asLJCore_Prefix.pch */,
				71E6745F15969D8C00729D2C /* LJErrors.h */,
			);
			path = "Other Sources";
			sourceTree = "<group>";
		};
		71E6746015969D8C00729D2C /* Private Classes */ = {
			isa = PBXGroup;
			children = (
				71E6746115969D8C00729D2C /* asLJCoreKeychain.h */,
				71E6746215969D8C00729D2C /* asLJCoreKeychain.m */,
				71E6746315969D8C00729D2C /* asLJCoreLogger.h */,
				71E6746415969D8C00729D2C /* asLJCoreLogger.m */,
				71E6746515969D8C00729D2C /* LJMoods.h */,
				71E6746615969D8C00729D2C /* LJMoods.m */,
				71E674841596A53600729D2C /* LJxmlrpc2.h */,
				71E674851596A53600729D2C /* LJxmlrpc2.m */,
				71E674881596B3AC00729D2C /* LJaccount.h */,
				71E674891596B3AC00729D2C /* LJaccount.m */,
			);
			path = "Private Classes";
			sourceTree = "<group>";
		};
		71E6746915969D8C00729D2C /* Public Classes */ = {
			isa = PBXGroup;
			children = (
				71E6746A15969D8C00729D2C /* asLJCore.h */,
				71E6746B15969D8C00729D2C /* asLJCore.m */,
				71E6746C15969D8C00729D2C /* asLJCoreAsynchronous.h */,
				71E6746D15969D8C00729D2C /* asLJCoreAsynchronous.m */,
				71E6746E15969D8C00729D2C /* LJEntry.h */,
				71E6746F15969D8C00729D2C /* LJEntry.m */,
			);
			path = "Public Classes";
			sourceTree = "<group>";
		};
/* End PBXGroup section */

/* Begin PBXHeadersBuildPhase section */
		8DC2EF500486A6940098B216 /* Headers */ = {
			isa = PBXHeadersBuildPhase;
			buildActionMask = 2147483647;
			files = (
				71E6747015969D8C00729D2C /* asLJCore_Prefix.pch in Headers */,
				71E6747115969D8C00729D2C /* LJErrors.h in Headers */,
				71E6747215969D8C00729D2C /* asLJCoreKeychain.h in Headers */,
				71E6747415969D8C00729D2C /* asLJCoreLogger.h in Headers */,
				71E6747615969D8C00729D2C /* LJMoods.h in Headers */,
				71E6747A15969D8C00729D2C /* asLJCore.h in Headers */,
				71E6747C15969D8C00729D2C /* asLJCoreAsynchronous.h in Headers */,
				71E6747E15969D8C00729D2C /* LJEntry.h in Headers */,
				71E6748215969D9F00729D2C /* NSString+MD5.h in Headers */,
				71E674861596A53600729D2C /* LJxmlrpc2.h in Headers */,
				71E6748A1596B3AC00729D2C /* LJaccount.h in Headers */,
			);
			runOnlyForDeploymentPostprocessing = 0;
		};
/* End PBXHeadersBuildPhase section */

/* Begin PBXNativeTarget section */
		8DC2EF4F0486A6940098B216 /* asLJCore */ = {
			isa = PBXNativeTarget;
			buildConfigurationList = 1DEB91AD08733DA50010E9CD /* Build configuration list for PBXNativeTarget "asLJCore" */;
			buildPhases = (
				8DC2EF500486A6940098B216 /* Headers */,
				8DC2EF520486A6940098B216 /* Resources */,
				8DC2EF540486A6940098B216 /* Sources */,
				8DC2EF560486A6940098B216 /* Frameworks */,
			);
			buildRules = (
			);
			dependencies = (
			);
			name = asLJCore;
			productInstallPath = "$(HOME)/Library/Frameworks";
			productName = asLJFramework;
			productReference = 8DC2EF5B0486A6940098B216 /* asLJCore.framework */;
			productType = "com.apple.product-type.framework";
		};
/* End PBXNativeTarget section */

/* Begin PBXProject section */
		0867D690FE84028FC02AAC07 /* Project object */ = {
			isa = PBXProject;
			attributes = {
				LastUpgradeCheck = 0420;
			};
			buildConfigurationList = 1DEB91B108733DA50010E9CD /* Build configuration list for PBXProject "asLJCore" */;
			compatibilityVersion = "Xcode 3.2";
			developmentRegion = English;
			hasScannedForEncodings = 1;
			knownRegions = (
				English,
				Japanese,
				French,
				German,
			);
			mainGroup = 0867D691FE84028FC02AAC07 /* asLJFramework */;
			productRefGroup = 034768DFFF38A50411DB9C8B /* Products */;
			projectDirPath = "";
			projectRoot = "";
			targets = (
				8DC2EF4F0486A6940098B216 /* asLJCore */,
			);
		};
/* End PBXProject section */

/* Begin PBXResourcesBuildPhase section */
		8DC2EF520486A6940098B216 /* Resources */ = {
			isa = PBXResourcesBuildPhase;
			buildActionMask = 2147483647;
			files = (
				8DC2EF530486A6940098B216 /* InfoPlist.strings in Resources */,
			);
			runOnlyForDeploymentPostprocessing = 0;
		};
/* End PBXResourcesBuildPhase section */

/* Begin PBXSourcesBuildPhase section */
		8DC2EF540486A6940098B216 /* Sources */ = {
			isa = PBXSourcesBuildPhase;
			buildActionMask = 2147483647;
			files = (
				71E6747315969D8C00729D2C /* asLJCoreKeychain.m in Sources */,
				71E6747515969D8C00729D2C /* asLJCoreLogger.m in Sources */,
				71E6747715969D8C00729D2C /* LJMoods.m in Sources */,
				71E6747B15969D8C00729D2C /* asLJCore.m in Sources */,
				71E6747D15969D8C00729D2C /* asLJCoreAsynchronous.m in Sources */,
				71E6747F15969D8C00729D2C /* LJEntry.m in Sources */,
				71E6748315969D9F00729D2C /* NSString+MD5.m in Sources */,
				71E674871596A53600729D2C /* LJxmlrpc2.m in Sources */,
				71E6748B1596B3AC00729D2C /* LJaccount.m in Sources */,
			);
			runOnlyForDeploymentPostprocessing = 0;
		};
/* End PBXSourcesBuildPhase section */

/* Begin PBXVariantGroup section */
		089C1666FE841158C02AAC07 /* InfoPlist.strings */ = {
			isa = PBXVariantGroup;
			children = (
				089C1667FE841158C02AAC07 /* English */,
			);
			name = InfoPlist.strings;
			sourceTree = "<group>";
		};
/* End PBXVariantGroup section */

/* Begin XCBuildConfiguration section */
		1DEB91AE08733DA50010E9CD /* Debug */ = {
			isa = XCBuildConfiguration;
			buildSettings = {
				ALWAYS_SEARCH_USER_PATHS = NO;
				COPY_PHASE_STRIP = NO;
				DYLIB_COMPATIBILITY_VERSION = 1;
				DYLIB_CURRENT_VERSION = 1;
				FRAMEWORK_SEARCH_PATHS = (
					"$(inherited)",
					"\"$(SRCROOT)\"",
				);
				FRAMEWORK_VERSION = B;
				GCC_DYNAMIC_NO_PIC = NO;
				GCC_MODEL_TUNING = G5;
				GCC_OPTIMIZATION_LEVEL = 0;
				GCC_PRECOMPILE_PREFIX_HEADER = YES;
				GCC_PREFIX_HEADER = "Other Sources/asLJCore_Prefix.pch";
				INFOPLIST_FILE = Info.plist;
				INSTALL_PATH = "@executable_path/../Frameworks";
				OTHER_CFLAGS = "-DDEBUG=1";
				PRODUCT_NAME = asLJCore;
				WRAPPER_EXTENSION = framework;
			};
			name = Debug;
		};
		1DEB91AF08733DA50010E9CD /* Release */ = {
			isa = XCBuildConfiguration;
			buildSettings = {
				ALWAYS_SEARCH_USER_PATHS = NO;
				DEBUG_INFORMATION_FORMAT = "dwarf-with-dsym";
				DYLIB_COMPATIBILITY_VERSION = 1;
				DYLIB_CURRENT_VERSION = 1;
				FRAMEWORK_SEARCH_PATHS = (
					"$(inherited)",
					"\"$(SRCROOT)\"",
				);
				FRAMEWORK_VERSION = B;
				GCC_MODEL_TUNING = G5;
				GCC_PRECOMPILE_PREFIX_HEADER = YES;
				GCC_PREFIX_HEADER = "Other Sources/asLJCore_Prefix.pch";
				INFOPLIST_FILE = Info.plist;
				INSTALL_PATH = "@executable_path/../Frameworks";
				PRODUCT_NAME = asLJCore;
				WRAPPER_EXTENSION = framework;
			};
			name = Release;
		};
		1DEB91B208733DA50010E9CD /* Debug */ = {
			isa = XCBuildConfiguration;
			buildSettings = {
				ARCHS = "$(ARCHS_STANDARD_32_64_BIT)";
				GCC_C_LANGUAGE_STANDARD = c99;
				GCC_OPTIMIZATION_LEVEL = 0;
				GCC_WARN_ABOUT_RETURN_TYPE = YES;
				GCC_WARN_UNUSED_VARIABLE = YES;
				MACOSX_DEPLOYMENT_TARGET = 10.6;
				ONLY_ACTIVE_ARCH = YES;
				SDKROOT = macosx;
			};
			name = Debug;
		};
		1DEB91B308733DA50010E9CD /* Release */ = {
			isa = XCBuildConfiguration;
			buildSettings = {
				ARCHS = "$(ARCHS_STANDARD_32_64_BIT)";
				GCC_C_LANGUAGE_STANDARD = c99;
				GCC_WARN_ABOUT_RETURN_TYPE = YES;
				GCC_WARN_UNUSED_VARIABLE = YES;
				MACOSX_DEPLOYMENT_TARGET = 10.6;
				SDKROOT = macosx;
			};
			name = Release;
		};
/* End XCBuildConfiguration section */

/* Begin XCConfigurationList section */
		1DEB91AD08733DA50010E9CD /* Build configuration list for PBXNativeTarget "asLJCore" */ = {
			isa = XCConfigurationList;
			buildConfigurations = (
				1DEB91AE08733DA50010E9CD /* Debug */,
				1DEB91AF08733DA50010E9CD /* Release */,
			);
			defaultConfigurationIsVisible = 0;
			defaultConfigurationName = Debug;
		};
		1DEB91B108733DA50010E9CD /* Build configuration list for PBXProject "asLJCore" */ = {
			isa = XCConfigurationList;
			buildConfigurations = (
				1DEB91B208733DA50010E9CD /* Debug */,
				1DEB91B308733DA50010E9CD /* Release */,
			);
			defaultConfigurationIsVisible = 0;
			defaultConfigurationName = Debug;
		};
/* End XCConfigurationList section */
	};
	rootObject = 0867D690FE84028FC02AAC07 /* Project object */;
}
